// !$*UTF8*$!
{
	archiveVersion = 1;
	classes = {
	};
	objectVersion = 46;
	objects = {

/* Begin PBXBuildFile section */
		EF2706231DC85EC200498521 /* AppDelegate.swift in Sources */ = {isa = PBXBuildFile; fileRef = EF2706221DC85EC200498521 /* AppDelegate.swift */; };
		EF2706251DC85EC200498521 /* ViewController.swift in Sources */ = {isa = PBXBuildFile; fileRef = EF2706241DC85EC200498521 /* ViewController.swift */; };
		EF2706281DC85EC200498521 /* Main.storyboard in Resources */ = {isa = PBXBuildFile; fileRef = EF2706261DC85EC200498521 /* Main.storyboard */; };
		EF27062A1DC85EC200498521 /* Assets.xcassets in Resources */ = {isa = PBXBuildFile; fileRef = EF2706291DC85EC200498521 /* Assets.xcassets */; };
		EF27062D1DC85EC200498521 /* LaunchScreen.storyboard in Resources */ = {isa = PBXBuildFile; fileRef = EF27062B1DC85EC200498521 /* LaunchScreen.storyboard */; };
		EF2706381DC85EC300498521 /* Assignment_PlusTests.swift in Sources */ = {isa = PBXBuildFile; fileRef = EF2706371DC85EC300498521 /* Assignment_PlusTests.swift */; };
		EF2706431DC85EC300498521 /* Assignment_PlusUITests.swift in Sources */ = {isa = PBXBuildFile; fileRef = EF2706421DC85EC300498521 /* Assignment_PlusUITests.swift */; };
/* End PBXBuildFile section */

/* Begin PBXContainerItemProxy section */
		EF2706341DC85EC300498521 /* PBXContainerItemProxy */ = {
			isa = PBXContainerItemProxy;
			containerPortal = EF2706171DC85EC200498521 /* Project object */;
			proxyType = 1;
			remoteGlobalIDString = EF27061E1DC85EC200498521;
			remoteInfo = "Assignment Plus";
		};
		EF27063F1DC85EC300498521 /* PBXContainerItemProxy */ = {
			isa = PBXContainerItemProxy;
			containerPortal = EF2706171DC85EC200498521 /* Project object */;
			proxyType = 1;
			remoteGlobalIDString = EF27061E1DC85EC200498521;
			remoteInfo = "Assignment Plus";
		};
/* End PBXContainerItemProxy section */

/* Begin PBXFileReference section */
		EF27061F1DC85EC200498521 /* Assignment Plus.app */ = {isa = PBXFileReference; explicitFileType = wrapper.application; includeInIndex = 0; path = "Assignment Plus.app"; sourceTree = BUILT_PRODUCTS_DIR; };
		EF2706221DC85EC200498521 /* AppDelegate.swift */ = {isa = PBXFileReference; lastKnownFileType = sourcecode.swift; path = AppDelegate.swift; sourceTree = "<group>"; };
		EF2706241DC85EC200498521 /* ViewController.swift */ = {isa = PBXFileReference; lastKnownFileType = sourcecode.swift; path = ViewController.swift; sourceTree = "<group>"; };
		EF2706271DC85EC200498521 /* Base */ = {isa = PBXFileReference; lastKnownFileType = file.storyboard; name = Base; path = Base.lproj/Main.storyboard; sourceTree = "<group>"; };
		EF2706291DC85EC200498521 /* Assets.xcassets */ = {isa = PBXFileReference; lastKnownFileType = folder.assetcatalog; path = Assets.xcassets; sourceTree = "<group>"; };
		EF27062C1DC85EC200498521 /* Base */ = {isa = PBXFileReference; lastKnownFileType = file.storyboard; name = Base; path = Base.lproj/LaunchScreen.storyboard; sourceTree = "<group>"; };
		EF27062E1DC85EC200498521 /* Info.plist */ = {isa = PBXFileReference; lastKnownFileType = text.plist.xml; path = Info.plist; sourceTree = "<group>"; };
		EF2706331DC85EC300498521 /* Assignment PlusTests.xctest */ = {isa = PBXFileReference; explicitFileType = wrapper.cfbundle; includeInIndex = 0; path = "Assignment PlusTests.xctest"; sourceTree = BUILT_PRODUCTS_DIR; };
		EF2706371DC85EC300498521 /* Assignment_PlusTests.swift */ = {isa = PBXFileReference; lastKnownFileType = sourcecode.swift; path = Assignment_PlusTests.swift; sourceTree = "<group>"; };
		EF2706391DC85EC300498521 /* Info.plist */ = {isa = PBXFileReference; lastKnownFileType = text.plist.xml; path = Info.plist; sourceTree = "<group>"; };
		EF27063E1DC85EC300498521 /* Assignment PlusUITests.xctest */ = {isa = PBXFileReference; explicitFileType = wrapper.cfbundle; includeInIndex = 0; path = "Assignment PlusUITests.xctest"; sourceTree = BUILT_PRODUCTS_DIR; };
		EF2706421DC85EC300498521 /* Assignment_PlusUITests.swift */ = {isa = PBXFileReference; lastKnownFileType = sourcecode.swift; path = Assignment_PlusUITests.swift; sourceTree = "<group>"; };
		EF2706441DC85EC300498521 /* Info.plist */ = {isa = PBXFileReference; lastKnownFileType = text.plist.xml; path = Info.plist; sourceTree = "<group>"; };
/* End PBXFileReference section */

/* Begin PBXFrameworksBuildPhase section */
		EF27061C1DC85EC200498521 /* Frameworks */ = {
			isa = PBXFrameworksBuildPhase;
			buildActionMask = 2147483647;
			files = (
			);
			runOnlyForDeploymentPostprocessing = 0;
		};
		EF2706301DC85EC300498521 /* Frameworks */ = {
			isa = PBXFrameworksBuildPhase;
			buildActionMask = 2147483647;
			files = (
			);
			runOnlyForDeploymentPostprocessing = 0;
		};
		EF27063B1DC85EC300498521 /* Frameworks */ = {
			isa = PBXFrameworksBuildPhase;
			buildActionMask = 2147483647;
			files = (
			);
			runOnlyForDeploymentPostprocessing = 0;
		};
/* End PBXFrameworksBuildPhase section */

/* Begin PBXGroup section */
		EF2706161DC85EC200498521 = {
			isa = PBXGroup;
			children = (
				EF2706211DC85EC200498521 /* Assignment Plus */,
				EF2706361DC85EC300498521 /* Assignment PlusTests */,
				EF2706411DC85EC300498521 /* Assignment PlusUITests */,
				EF2706201DC85EC200498521 /* Products */,
			);
			sourceTree = "<group>";
		};
		EF2706201DC85EC200498521 /* Products */ = {
			isa = PBXGroup;
			children = (
				EF27061F1DC85EC200498521 /* Assignment Plus.app */,
				EF2706331DC85EC300498521 /* Assignment PlusTests.xctest */,
				EF27063E1DC85EC300498521 /* Assignment PlusUITests.xctest */,
			);
			name = Products;
			sourceTree = "<group>";
		};
		EF2706211DC85EC200498521 /* Assignment Plus */ = {
			isa = PBXGroup;
			children = (
				EF2706221DC85EC200498521 /* AppDelegate.swift */,
				EF2706241DC85EC200498521 /* ViewController.swift */,
				EF2706261DC85EC200498521 /* Main.storyboard */,
				EF2706291DC85EC200498521 /* Assets.xcassets */,
				EF27062B1DC85EC200498521 /* LaunchScreen.storyboard */,
				EF27062E1DC85EC200498521 /* Info.plist */,
			);
			path = "Assignment Plus";
			sourceTree = "<group>";
		};
		EF2706361DC85EC300498521 /* Assignment PlusTests */ = {
			isa = PBXGroup;
			children = (
				EF2706371DC85EC300498521 /* Assignment_PlusTests.swift */,
				EF2706391DC85EC300498521 /* Info.plist */,
			);
			path = "Assignment PlusTests";
			sourceTree = "<group>";
		};
		EF2706411DC85EC300498521 /* Assignment PlusUITests */ = {
			isa = PBXGroup;
			children = (
				EF2706421DC85EC300498521 /* Assignment_PlusUITests.swift */,
				EF2706441DC85EC300498521 /* Info.plist */,
			);
			path = "Assignment PlusUITests";
			sourceTree = "<group>";
		};
/* End PBXGroup section */

/* Begin PBXNativeTarget section */
		EF27061E1DC85EC200498521 /* Assignment Plus */ = {
			isa = PBXNativeTarget;
			buildConfigurationList = EF2706471DC85EC300498521 /* Build configuration list for PBXNativeTarget "Assignment Plus" */;
			buildPhases = (
				EF27061B1DC85EC200498521 /* Sources */,
				EF27061C1DC85EC200498521 /* Frameworks */,
				EF27061D1DC85EC200498521 /* Resources */,
			);
			buildRules = (
			);
			dependencies = (
			);
			name = "Assignment Plus";
			productName = "Assignment Plus";
			productReference = EF27061F1DC85EC200498521 /* Assignment Plus.app */;
			productType = "com.apple.product-type.application";
		};
		EF2706321DC85EC300498521 /* Assignment PlusTests */ = {
			isa = PBXNativeTarget;
			buildConfigurationList = EF27064A1DC85EC300498521 /* Build configuration list for PBXNativeTarget "Assignment PlusTests" */;
			buildPhases = (
				EF27062F1DC85EC300498521 /* Sources */,
				EF2706301DC85EC300498521 /* Frameworks */,
				EF2706311DC85EC300498521 /* Resources */,
			);
			buildRules = (
			);
			dependencies = (
				EF2706351DC85EC300498521 /* PBXTargetDependency */,
			);
			name = "Assignment PlusTests";
			productName = "Assignment PlusTests";
			productReference = EF2706331DC85EC300498521 /* Assignment PlusTests.xctest */;
			productType = "com.apple.product-type.bundle.unit-test";
		};
		EF27063D1DC85EC300498521 /* Assignment PlusUITests */ = {
			isa = PBXNativeTarget;
			buildConfigurationList = EF27064D1DC85EC300498521 /* Build configuration list for PBXNativeTarget "Assignment PlusUITests" */;
			buildPhases = (
				EF27063A1DC85EC300498521 /* Sources */,
				EF27063B1DC85EC300498521 /* Frameworks */,
				EF27063C1DC85EC300498521 /* Resources */,
			);
			buildRules = (
			);
			dependencies = (
				EF2706401DC85EC300498521 /* PBXTargetDependency */,
			);
			name = "Assignment PlusUITests";
			productName = "Assignment PlusUITests";
			productReference = EF27063E1DC85EC300498521 /* Assignment PlusUITests.xctest */;
			productType = "com.apple.product-type.bundle.ui-testing";
		};
/* End PBXNativeTarget section */

/* Begin PBXProject section */
		EF2706171DC85EC200498521 /* Project object */ = {
			isa = PBXProject;
			attributes = {
				LastSwiftUpdateCheck = 0720;
				LastUpgradeCheck = 0720;
				ORGANIZATIONNAME = "Assignment Plus";
				TargetAttributes = {
					EF27061E1DC85EC200498521 = {
						CreatedOnToolsVersion = 7.2;
					};
					EF2706321DC85EC300498521 = {
						CreatedOnToolsVersion = 7.2;
						TestTargetID = EF27061E1DC85EC200498521;
					};
					EF27063D1DC85EC300498521 = {
						CreatedOnToolsVersion = 7.2;
						TestTargetID = EF27061E1DC85EC200498521;
					};
				};
			};
			buildConfigurationList = EF27061A1DC85EC200498521 /* Build configuration list for PBXProject "Assignment Plus" */;
			compatibilityVersion = "Xcode 3.2";
			developmentRegion = English;
			hasScannedForEncodings = 0;
			knownRegions = (
				en,
				Base,
			);
			mainGroup = EF2706161DC85EC200498521;
			productRefGroup = EF2706201DC85EC200498521 /* Products */;
			projectDirPath = "";
			projectRoot = "";
			targets = (
				EF27061E1DC85EC200498521 /* Assignment Plus */,
				EF2706321DC85EC300498521 /* Assignment PlusTests */,
				EF27063D1DC85EC300498521 /* Assignment PlusUITests */,
			);
		};
/* End PBXProject section */

/* Begin PBXResourcesBuildPhase section */
		EF27061D1DC85EC200498521 /* Resources */ = {
			isa = PBXResourcesBuildPhase;
			buildActionMask = 2147483647;
			files = (
				EF27062D1DC85EC200498521 /* LaunchScreen.storyboard in Resources */,
				EF27062A1DC85EC200498521 /* Assets.xcassets in Resources */,
				EF2706281DC85EC200498521 /* Main.storyboard in Resources */,
			);
			runOnlyForDeploymentPostprocessing = 0;
		};
		EF2706311DC85EC300498521 /* Resources */ = {
			isa = PBXResourcesBuildPhase;
			buildActionMask = 2147483647;
			files = (
			);
			runOnlyForDeploymentPostprocessing = 0;
		};
		EF27063C1DC85EC300498521 /* Resources */ = {
			isa = PBXResourcesBuildPhase;
			buildActionMask = 2147483647;
			files = (
			);
			runOnlyForDeploymentPostprocessing = 0;
		};
/* End PBXResourcesBuildPhase section */

/* Begin PBXSourcesBuildPhase section */
		EF27061B1DC85EC200498521 /* Sources */ = {
			isa = PBXSourcesBuildPhase;
			buildActionMask = 2147483647;
			files = (
				EF2706251DC85EC200498521 /* ViewController.swift in Sources */,
				EF2706231DC85EC200498521 /* AppDelegate.swift in Sources */,
			);
			runOnlyForDeploymentPostprocessing = 0;
		};
		EF27062F1DC85EC300498521 /* Sources */ = {
			isa = PBXSourcesBuildPhase;
			buildActionMask = 2147483647;
			files = (
				EF2706381DC85EC300498521 /* Assignment_PlusTests.swift in Sources */,
			);
			runOnlyForDeploymentPostprocessing = 0;
		};
		EF27063A1DC85EC300498521 /* Sources */ = {
			isa = PBXSourcesBuildPhase;
			buildActionMask = 2147483647;
			files = (
				EF2706431DC85EC300498521 /* Assignment_PlusUITests.swift in Sources */,
			);
			runOnlyForDeploymentPostprocessing = 0;
		};
/* End PBXSourcesBuildPhase section */

/* Begin PBXTargetDependency section */
		EF2706351DC85EC300498521 /* PBXTargetDependency */ = {
			isa = PBXTargetDependency;
			target = EF27061E1DC85EC200498521 /* Assignment Plus */;
			targetProxy = EF2706341DC85EC300498521 /* PBXContainerItemProxy */;
		};
		EF2706401DC85EC300498521 /* PBXTargetDependency */ = {
			isa = PBXTargetDependency;
			target = EF27061E1DC85EC200498521 /* Assignment Plus */;
			targetProxy = EF27063F1DC85EC300498521 /* PBXContainerItemProxy */;
		};
/* End PBXTargetDependency section */

/* Begin PBXVariantGroup section */
		EF2706261DC85EC200498521 /* Main.storyboard */ = {
			isa = PBXVariantGroup;
			children = (
				EF2706271DC85EC200498521 /* Base */,
			);
			name = Main.storyboard;
			sourceTree = "<group>";
		};
		EF27062B1DC85EC200498521 /* LaunchScreen.storyboard */ = {
			isa = PBXVariantGroup;
			children = (
				EF27062C1DC85EC200498521 /* Base */,
			);
			name = LaunchScreen.storyboard;
			sourceTree = "<group>";
		};
/* End PBXVariantGroup section */

/* Begin XCBuildConfiguration section */
		EF2706451DC85EC300498521 /* Debug */ = {
			isa = XCBuildConfiguration;
			buildSettings = {
				ALWAYS_SEARCH_USER_PATHS = NO;
				CLANG_CXX_LANGUAGE_STANDARD = "gnu++0x";
				CLANG_CXX_LIBRARY = "libc++";
				CLANG_ENABLE_MODULES = YES;
				CLANG_ENABLE_OBJC_ARC = YES;
				CLANG_WARN_BOOL_CONVERSION = YES;
				CLANG_WARN_CONSTANT_CONVERSION = YES;
				CLANG_WARN_DIRECT_OBJC_ISA_USAGE = YES_ERROR;
				CLANG_WARN_EMPTY_BODY = YES;
				CLANG_WARN_ENUM_CONVERSION = YES;
				CLANG_WARN_INT_CONVERSION = YES;
				CLANG_WARN_OBJC_ROOT_CLASS = YES_ERROR;
				CLANG_WARN_UNREACHABLE_CODE = YES;
				CLANG_WARN__DUPLICATE_METHOD_MATCH = YES;
				"CODE_SIGN_IDENTITY[sdk=iphoneos*]" = "iPhone Developer";
				COPY_PHASE_STRIP = NO;
				DEBUG_INFORMATION_FORMAT = dwarf;
				ENABLE_STRICT_OBJC_MSGSEND = YES;
				ENABLE_TESTABILITY = YES;
				GCC_C_LANGUAGE_STANDARD = gnu99;
				GCC_DYNAMIC_NO_PIC = NO;
				GCC_NO_COMMON_BLOCKS = YES;
				GCC_OPTIMIZATION_LEVEL = 0;
				GCC_PREPROCESSOR_DEFINITIONS = (
					"DEBUG=1",
					"$(inherited)",
				);
				GCC_WARN_64_TO_32_BIT_CONVERSION = YES;
				GCC_WARN_ABOUT_RETURN_TYPE = YES_ERROR;
				GCC_WARN_UNDECLARED_SELECTOR = YES;
				GCC_WARN_UNINITIALIZED_AUTOS = YES_AGGRESSIVE;
				GCC_WARN_UNUSED_FUNCTION = YES;
				GCC_WARN_UNUSED_VARIABLE = YES;
				IPHONEOS_DEPLOYMENT_TARGET = 9.2;
				MTL_ENABLE_DEBUG_INFO = YES;
				ONLY_ACTIVE_ARCH = YES;
				SDKROOT = iphoneos;
				SWIFT_OPTIMIZATION_LEVEL = "-Onone";
				TARGETED_DEVICE_FAMILY = "1,2";
			};
			name = Debug;
		};
		EF2706461DC85EC300498521 /* Release */ = {
			isa = XCBuildConfiguration;
			buildSettings = {
				ALWAYS_SEARCH_USER_PATHS = NO;
				CLANG_CXX_LANGUAGE_STANDARD = "gnu++0x";
				CLANG_CXX_LIBRARY = "libc++";
				CLANG_ENABLE_MODULES = YES;
				CLANG_ENABLE_OBJC_ARC = YES;
				CLANG_WARN_BOOL_CONVERSION = YES;
				CLANG_WARN_CONSTANT_CONVERSION = YES;
				CLANG_WARN_DIRECT_OBJC_ISA_USAGE = YES_ERROR;
				CLANG_WARN_EMPTY_BODY = YES;
				CLANG_WARN_ENUM_CONVERSION = YES;
				CLANG_WARN_INT_CONVERSION = YES;
				CLANG_WARN_OBJC_ROOT_CLASS = YES_ERROR;
				CLANG_WARN_UNREACHABLE_CODE = YES;
				CLANG_WARN__DUPLICATE_METHOD_MATCH = YES;
				"CODE_SIGN_IDENTITY[sdk=iphoneos*]" = "iPhone Developer";
				COPY_PHASE_STRIP = NO;
				DEBUG_INFORMATION_FORMAT = "dwarf-with-dsym";
				ENABLE_NS_ASSERTIONS = NO;
				ENABLE_STRICT_OBJC_MSGSEND = YES;
				GCC_C_LANGUAGE_STANDARD = gnu99;
				GCC_NO_COMMON_BLOCKS = YES;
				GCC_WARN_64_TO_32_BIT_CONVERSION = YES;
				GCC_WARN_ABOUT_RETURN_TYPE = YES_ERROR;
				GCC_WARN_UNDECLARED_SELECTOR = YES;
				GCC_WARN_UNINITIALIZED_AUTOS = YES_AGGRESSIVE;
				GCC_WARN_UNUSED_FUNCTION = YES;
				GCC_WARN_UNUSED_VARIABLE = YES;
				IPHONEOS_DEPLOYMENT_TARGET = 9.2;
				MTL_ENABLE_DEBUG_INFO = NO;
				SDKROOT = iphoneos;
				TARGETED_DEVICE_FAMILY = "1,2";
				VALIDATE_PRODUCT = YES;
			};
			name = Release;
		};
		EF2706481DC85EC300498521 /* Debug */ = {
			isa = XCBuildConfiguration;
			buildSettings = {
				ASSETCATALOG_COMPILER_APPICON_NAME = AppIcon;
				INFOPLIST_FILE = "Assignment Plus/Info.plist";
				LD_RUNPATH_SEARCH_PATHS = "$(inherited) @executable_path/Frameworks";
				PRODUCT_BUNDLE_IDENTIFIER = "Assignment-Plus.Assignment-Plus";
				PRODUCT_NAME = "$(TARGET_NAME)";
			};
			name = Debug;
		};
		EF2706491DC85EC300498521 /* Release */ = {
			isa = XCBuildConfiguration;
			buildSettings = {
				ASSETCATALOG_COMPILER_APPICON_NAME = AppIcon;
				INFOPLIST_FILE = "Assignment Plus/Info.plist";
				LD_RUNPATH_SEARCH_PATHS = "$(inherited) @executable_path/Frameworks";
				PRODUCT_BUNDLE_IDENTIFIER = "Assignment-Plus.Assignment-Plus";
				PRODUCT_NAME = "$(TARGET_NAME)";
			};
			name = Release;
		};
		EF27064B1DC85EC300498521 /* Debug */ = {
			isa = XCBuildConfiguration;
			buildSettings = {
				BUNDLE_LOADER = "$(TEST_HOST)";
				INFOPLIST_FILE = "Assignment PlusTests/Info.plist";
				LD_RUNPATH_SEARCH_PATHS = "$(inherited) @executable_path/Frameworks @loader_path/Frameworks";
				PRODUCT_BUNDLE_IDENTIFIER = "Assignment-Plus.Assignment-PlusTests";
				PRODUCT_NAME = "$(TARGET_NAME)";
				TEST_HOST = "$(BUILT_PRODUCTS_DIR)/Assignment Plus.app/Assignment Plus";
			};
			name = Debug;
		};
		EF27064C1DC85EC300498521 /* Release */ = {
			isa = XCBuildConfiguration;
			buildSettings = {
				BUNDLE_LOADER = "$(TEST_HOST)";
				INFOPLIST_FILE = "Assignment PlusTests/Info.plist";
				LD_RUNPATH_SEARCH_PATHS = "$(inherited) @executable_path/Frameworks @loader_path/Frameworks";
				PRODUCT_BUNDLE_IDENTIFIER = "Assignment-Plus.Assignment-PlusTests";
				PRODUCT_NAME = "$(TARGET_NAME)";
				TEST_HOST = "$(BUILT_PRODUCTS_DIR)/Assignment Plus.app/Assignment Plus";
			};
			name = Release;
		};
		EF27064E1DC85EC300498521 /* Debug */ = {
			isa = XCBuildConfiguration;
			buildSettings = {
				INFOPLIST_FILE = "Assignment PlusUITests/Info.plist";
				LD_RUNPATH_SEARCH_PATHS = "$(inherited) @executable_path/Frameworks @loader_path/Frameworks";
				PRODUCT_BUNDLE_IDENTIFIER = "Assignment-Plus.Assignment-PlusUITests";
				PRODUCT_NAME = "$(TARGET_NAME)";
				TEST_TARGET_NAME = "Assignment Plus";
				USES_XCTRUNNER = YES;
			};
			name = Debug;
		};
		EF27064F1DC85EC300498521 /* Release */ = {
			isa = XCBuildConfiguration;
			buildSettings = {
				INFOPLIST_FILE = "Assignment PlusUITests/Info.plist";
				LD_RUNPATH_SEARCH_PATHS = "$(inherited) @executable_path/Frameworks @loader_path/Frameworks";
				PRODUCT_BUNDLE_IDENTIFIER = "Assignment-Plus.Assignment-PlusUITests";
				PRODUCT_NAME = "$(TARGET_NAME)";
				TEST_TARGET_NAME = "Assignment Plus";
				USES_XCTRUNNER = YES;
			};
			name = Release;
		};
/* End XCBuildConfiguration section */

/* Begin XCConfigurationList section */
		EF27061A1DC85EC200498521 /* Build configuration list for PBXProject "Assignment Plus" */ = {
			isa = XCConfigurationList;
			buildConfigurations = (
				EF2706451DC85EC300498521 /* Debug */,
				EF2706461DC85EC300498521 /* Release */,
			);
			defaultConfigurationIsVisible = 0;
			defaultConfigurationName = Release;
		};
		EF2706471DC85EC300498521 /* Build configuration list for PBXNativeTarget "Assignment Plus" */ = {
			isa = XCConfigurationList;
			buildConfigurations = (
				EF2706481DC85EC300498521 /* Debug */,
				EF2706491DC85EC300498521 /* Release */,
			);
			defaultConfigurationIsVisible = 0;
		};
		EF27064A1DC85EC300498521 /* Build configuration list for PBXNativeTarget "Assignment PlusTests" */ = {
			isa = XCConfigurationList;
			buildConfigurations = (
				EF27064B1DC85EC300498521 /* Debug */,
				EF27064C1DC85EC300498521 /* Release */,
			);
			defaultConfigurationIsVisible = 0;
		};
		EF27064D1DC85EC300498521 /* Build configuration list for PBXNativeTarget "Assignment PlusUITests" */ = {
			isa = XCConfigurationList;
			buildConfigurations = (
				EF27064E1DC85EC300498521 /* Debug */,
				EF27064F1DC85EC300498521 /* Release */,
			);
			defaultConfigurationIsVisible = 0;
		};
/* End XCConfigurationList section */
	};
	rootObject = EF2706171DC85EC200498521 /* Project object */;
}
